Microsoft Visual Studio Solution File, Format Version 11.00
# Visual C++ Express 2010
Project("{8BC9CEB8-8B4A-11D0-8D11-00A0C91BC942}") = "Torque2D", "Torque 2D.vcxproj", "{1564A07D-230E-4C90-AEE6-52AC9A58D6C9}"
EndProject
Project("{8BC9CEB8-8B4A-11D0-8D11-00A0C91BC942}") = "ljpeg", "ljpeg.vcxproj", "{0B07BA94-AA53-4FD4-ADB4-79EC2DA53B36}"
EndProject
Project("{8BC9CEB8-8B4A-11D0-8D11-00A0C91BC942}") = "lpng", "lpng.vcxproj", "{AF1179E3-A838-46A3-A427-1E62AA4C52F4}"
EndProject
Project("{8BC9CEB8-8B4A-11D0-8D11-00A0C91BC942}") = "zlib", "zlib.vcxproj", "{86CB2525-0CF3-40D3-BF42-A0A95035EE8C}"
EndProject
Project("{8BC9CEB8-8B4A-11D0-8D11-00A0C91BC942}") = "openal", "openal\openal.vcxproj", "{FCC625F8-6CF3-4653-8C84-6F6085C898D5}"
EndProject
Global
	GlobalSection(SolutionConfigurationPlatforms) = preSolution
		Debug|NaCl32 = Debug|NaCl32
		Debug|NaCl64 = Debug|NaCl64
		Debug|Win32 = Debug|Win32
		Release|NaCl32 = Release|NaCl32
		Release|NaCl64 = Release|NaCl64
		Release|Win32 = Release|Win32
		Shipping|NaCl32 = Shipping|NaCl32
		Shipping|NaCl64 = Shipping|NaCl64
		Shipping|Win32 = Shipping|Win32
	EndGlobalSection
	GlobalSection(ProjectConfigurationPlatforms) = postSolution
		{1564A07D-230E-4C90-AEE6-52AC9A58D6C9}.Debug|NaCl32.ActiveCfg = Debug|NaCl32
		{1564A07D-230E-4C90-AEE6-52AC9A58D6C9}.Debug|NaCl32.Build.0 = Debug|NaCl32
		{1564A07D-230E-4C90-AEE6-52AC9A58D6C9}.Debug|NaCl64.ActiveCfg = Debug|NaCl64
		{1564A07D-230E-4C90-AEE6-52AC9A58D6C9}.Debug|NaCl64.Build.0 = Debug|NaCl64
		{1564A07D-230E-4C90-AEE6-52AC9A58D6C9}.Debug|Win32.ActiveCfg = Debug|Win32
		{1564A07D-230E-4C90-AEE6-52AC9A58D6C9}.Debug|Win32.Build.0 = Debug|Win32
		{1564A07D-230E-4C90-AEE6-52AC9A58D6C9}.Release|NaCl32.ActiveCfg = Release|NaCl32
		{1564A07D-230E-4C90-AEE6-52AC9A58D6C9}.Release|NaCl32.Build.0 = Release|NaCl32
		{1564A07D-230E-4C90-AEE6-52AC9A58D6C9}.Release|NaCl64.ActiveCfg = Release|NaCl64
		{1564A07D-230E-4C90-AEE6-52AC9A58D6C9}.Release|NaCl64.Build.0 = Release|NaCl64
		{1564A07D-230E-4C90-AEE6-52AC9A58D6C9}.Release|Win32.ActiveCfg = Release|Win32
		{1564A07D-230E-4C90-AEE6-52AC9A58D6C9}.Release|Win32.Build.0 = Release|Win32
		{1564A07D-230E-4C90-AEE6-52AC9A58D6C9}.Shipping|NaCl32.ActiveCfg = Shipping|NaCl32
		{1564A07D-230E-4C90-AEE6-52AC9A58D6C9}.Shipping|NaCl32.Build.0 = Shipping|NaCl32
		{1564A07D-230E-4C90-AEE6-52AC9A58D6C9}.Shipping|NaCl64.ActiveCfg = Shipping|NaCl64
		{1564A07D-230E-4C90-AEE6-52AC9A58D6C9}.Shipping|NaCl64.Build.0 = Shipping|NaCl64
		{1564A07D-230E-4C90-AEE6-52AC9A58D6C9}.Shipping|Win32.ActiveCfg = Shipping|Win32
		{1564A07D-230E-4C90-AEE6-52AC9A58D6C9}.Shipping|Win32.Build.0 = Shipping|Win32
		{0B07BA94-AA53-4FD4-ADB4-79EC2DA53B36}.Debug|NaCl32.ActiveCfg = Debug|NaCl32
		{0B07BA94-AA53-4FD4-ADB4-79EC2DA53B36}.Debug|NaCl32.Build.0 = Debug|NaCl32
		{0B07BA94-AA53-4FD4-ADB4-79EC2DA53B36}.Debug|NaCl64.ActiveCfg = Debug|NaCl64
		{0B07BA94-AA53-4FD4-ADB4-79EC2DA53B36}.Debug|NaCl64.Build.0 = Debug|NaCl64
		{0B07BA94-AA53-4FD4-ADB4-79EC2DA53B36}.Debug|Win32.ActiveCfg = Debug|Win32
		{0B07BA94-AA53-4FD4-ADB4-79EC2DA53B36}.Debug|Win32.Build.0 = Debug|Win32
		{0B07BA94-AA53-4FD4-ADB4-79EC2DA53B36}.Release|NaCl32.ActiveCfg = Release|NaCl32
		{0B07BA94-AA53-4FD4-ADB4-79EC2DA53B36}.Release|NaCl32.Build.0 = Release|NaCl32
		{0B07BA94-AA53-4FD4-ADB4-79EC2DA53B36}.Release|NaCl64.ActiveCfg = Release|NaCl64
		{0B07BA94-AA53-4FD4-ADB4-79EC2DA53B36}.Release|NaCl64.Build.0 = Release|NaCl64
		{0B07BA94-AA53-4FD4-ADB4-79EC2DA53B36}.Release|Win32.ActiveCfg = Release|Win32
		{0B07BA94-AA53-4FD4-ADB4-79EC2DA53B36}.Release|Win32.Build.0 = Release|Win32
		{0B07BA94-AA53-4FD4-ADB4-79EC2DA53B36}.Shipping|NaCl32.ActiveCfg = Shipping|NaCl32
		{0B07BA94-AA53-4FD4-ADB4-79EC2DA53B36}.Shipping|NaCl32.Build.0 = Shipping|NaCl32
		{0B07BA94-AA53-4FD4-ADB4-79EC2DA53B36}.Shipping|NaCl64.ActiveCfg = Shipping|NaCl64
		{0B07BA94-AA53-4FD4-ADB4-79EC2DA53B36}.Shipping|NaCl64.Build.0 = Shipping|NaCl64
		{0B07BA94-AA53-4FD4-ADB4-79EC2DA53B36}.Shipping|Win32.ActiveCfg = Shipping|Win32
		{0B07BA94-AA53-4FD4-ADB4-79EC2DA53B36}.Shipping|Win32.Build.0 = Shipping|Win32
		{AF1179E3-A838-46A3-A427-1E62AA4C52F4}.Debug|NaCl32.ActiveCfg = Debug|NaCl32
		{AF1179E3-A838-46A3-A427-1E62AA4C52F4}.Debug|NaCl64.ActiveCfg = Debug|NaCl64
		{AF1179E3-A838-46A3-A427-1E62AA4C52F4}.Debug|NaCl64.Build.0 = Debug|NaCl64
		{AF1179E3-A838-46A3-A427-1E62AA4C52F4}.Debug|Win32.ActiveCfg = Debug|Win32
		{AF1179E3-A838-46A3-A427-1E62AA4C52F4}.Debug|Win32.Build.0 = Debug|Win32
		{AF1179E3-A838-46A3-A427-1E62AA4C52F4}.Release|NaCl32.ActiveCfg = Release|NaCl32
		{AF1179E3-A838-46A3-A427-1E62AA4C52F4}.Release|NaCl32.Build.0 = Release|NaCl32
		{AF1179E3-A838-46A3-A427-1E62AA4C52F4}.Release|NaCl64.ActiveCfg = Release|NaCl64
		{AF1179E3-A838-46A3-A427-1E62AA4C52F4}.Release|Win32.ActiveCfg = Release|Win32
		{AF1179E3-A838-46A3-A427-1E62AA4C52F4}.Release|Win32.Build.0 = Release|Win32
		{AF1179E3-A838-46A3-A427-1E62AA4C52F4}.Shipping|NaCl32.ActiveCfg = Shipping|NaCl32
		{AF1179E3-A838-46A3-A427-1E62AA4C52F4}.Shipping|NaCl32.Build.0 = Shipping|NaCl32
		{AF1179E3-A838-46A3-A427-1E62AA4C52F4}.Shipping|NaCl64.ActiveCfg = Shipping|NaCl64
		{AF1179E3-A838-46A3-A427-1E62AA4C52F4}.Shipping|Win32.ActiveCfg = Shipping|Win32
		{AF1179E3-A838-46A3-A427-1E62AA4C52F4}.Shipping|Win32.Build.0 = Shipping|Win32
		{86CB2525-0CF3-40D3-BF42-A0A95035EE8C}.Debug|NaCl32.ActiveCfg = Debug|NaCl32
		{86CB2525-0CF3-40D3-BF42-A0A95035EE8C}.Debug|NaCl32.Build.0 = Debug|NaCl32
		{86CB2525-0CF3-40D3-BF42-A0A95035EE8C}.Debug|NaCl64.ActiveCfg = Debug|NaCl64
		{86CB2525-0CF3-40D3-BF42-A0A95035EE8C}.Debug|NaCl64.Build.0 = Debug|NaCl64
		{86CB2525-0CF3-40D3-BF42-A0A95035EE8C}.Debug|Win32.ActiveCfg = Debug|Win32
		{86CB2525-0CF3-40D3-BF42-A0A95035EE8C}.Debug|Win32.Build.0 = Debug|Win32
		{86CB2525-0CF3-40D3-BF42-A0A95035EE8C}.Release|NaCl32.ActiveCfg = Release|NaCl32
		{86CB2525-0CF3-40D3-BF42-A0A95035EE8C}.Release|NaCl32.Build.0 = Release|NaCl32
		{86CB2525-0CF3-40D3-BF42-A0A95035EE8C}.Release|NaCl64.ActiveCfg = Release|NaCl64
		{86CB2525-0CF3-40D3-BF42-A0A95035EE8C}.Release|NaCl64.Build.0 = Release|NaCl64
		{86CB2525-0CF3-40D3-BF42-A0A95035EE8C}.Release|Win32.ActiveCfg = Release|Win32
		{86CB2525-0CF3-40D3-BF42-A0A95035EE8C}.Release|Win32.Build.0 = Release|Win32
		{86CB2525-0CF3-40D3-BF42-A0A95035EE8C}.Shipping|NaCl32.ActiveCfg = Shipping|NaCl32
		{86CB2525-0CF3-40D3-BF42-A0A95035EE8C}.Shipping|NaCl32.Build.0 = Shipping|NaCl32
		{86CB2525-0CF3-40D3-BF42-A0A95035EE8C}.Shipping|NaCl64.ActiveCfg = Shipping|NaCl64
		{86CB2525-0CF3-40D3-BF42-A0A95035EE8C}.Shipping|NaCl64.Build.0 = Shipping|NaCl64
		{86CB2525-0CF3-40D3-BF42-A0A95035EE8C}.Shipping|Win32.ActiveCfg = Shipping|Win32
		{86CB2525-0CF3-40D3-BF42-A0A95035EE8C}.Shipping|Win32.Build.0 = Shipping|Win32
		{FCC625F8-6CF3-4653-8C84-6F6085C898D5}.Debug|NaCl32.ActiveCfg = Debug|NaCl32
		{FCC625F8-6CF3-4653-8C84-6F6085C898D5}.Debug|NaCl32.Build.0 = Debug|NaCl32
		{FCC625F8-6CF3-4653-8C84-6F6085C898D5}.Debug|NaCl64.ActiveCfg = Debug|NaCl64
		{FCC625F8-6CF3-4653-8C84-6F6085C898D5}.Debug|NaCl64.Build.0 = Debug|NaCl64
		{FCC625F8-6CF3-4653-8C84-6F6085C898D5}.Debug|Win32.ActiveCfg = Debug|Win32
		{FCC625F8-6CF3-4653-8C84-6F6085C898D5}.Debug|Win32.Build.0 = Debug|Win32
		{FCC625F8-6CF3-4653-8C84-6F6085C898D5}.Release|NaCl32.ActiveCfg = Release|Win32
		{FCC625F8-6CF3-4653-8C84-6F6085C898D5}.Release|NaCl64.ActiveCfg = Release|NaCl64
		{FCC625F8-6CF3-4653-8C84-6F6085C898D5}.Release|NaCl64.Build.0 = Release|NaCl64
		{FCC625F8-6CF3-4653-8C84-6F6085C898D5}.Release|Win32.ActiveCfg = Release|Win32
		{FCC625F8-6CF3-4653-8C84-6F6085C898D5}.Release|Win32.Build.0 = Release|Win32
		{FCC625F8-6CF3-4653-8C84-6F6085C898D5}.Shipping|NaCl32.ActiveCfg = Release|Win32
		{FCC625F8-6CF3-4653-8C84-6F6085C898D5}.Shipping|NaCl64.ActiveCfg = Release|NaCl64
		{FCC625F8-6CF3-4653-8C84-6F6085C898D5}.Shipping|NaCl64.Build.0 = Release|NaCl64
		{FCC625F8-6CF3-4653-8C84-6F6085C898D5}.Shipping|Win32.ActiveCfg = Release|Win32
		{FCC625F8-6CF3-4653-8C84-6F6085C898D5}.Shipping|Win32.Build.0 = Release|Win32
	EndGlobalSection
	GlobalSection(SolutionProperties) = preSolution
		HideSolutionNode = FALSE
	EndGlobalSection
	GlobalSection(NestedProjects) = preSolution
		{0B07BA94-AA53-4FD4-ADB4-79EC2DA53B36} = {963EAD38-C2E9-442D-89B2-299D450E3F43}
		{AF1179E3-A838-46A3-A427-1E62AA4C52F4} = {963EAD38-C2E9-442D-89B2-299D450E3F43}
		{86CB2525-0CF3-40D3-BF42-A0A95035EE8C} = {963EAD38-C2E9-442D-89B2-299D450E3F43}
	EndGlobalSection
EndGlobal
