<?xml version="1.0" encoding="utf-8"?>
<Project ToolsVersion="4.0" xmlns="http://schemas.microsoft.com/developer/msbuild/2003">
  <ItemGroup>
    <Filter Include="Source Files">
      <UniqueIdentifier>{4FC737F1-C7A5-4376-A066-2A32D752A2FF}</UniqueIdentifier>
      <Extensions>cpp;c;cc;cxx;def;odl;idl;hpj;bat;asm;asmx</Extensions>
    </Filter>
    <Filter Include="Header Files">
      <UniqueIdentifier>{93995380-89BD-4b04-88EB-625FBE52EBFB}</UniqueIdentifier>
      <Extensions>h;hpp;hxx;hm;inl;inc;xsd</Extensions>
    </Filter>
    <Filter Include="Resource Files">
      <UniqueIdentifier>{67DA6AB6-F800-4c08-8B7A-83BB121AAD01}</UniqueIdentifier>
      <Extensions>rc;ico;cur;bmp;dlg;rc2;rct;bin;rgs;gif;jpg;jpeg;jpe;resx;tiff;tif;png;wav;mfcribbon-ms</Extensions>
    </Filter>
  </ItemGroup>
  <ItemGroup>
    <ClCompile Include="..\..\..\lib\openal\NaCl\openal-soft-1.15.1\Alc\ALc.c">
      <Filter>Source Files</Filter>
    </ClCompile>
    <ClCompile Include="..\..\..\lib\openal\NaCl\openal-soft-1.15.1\Alc\alcConfig.c">
      <Filter>Source Files</Filter>
    </ClCompile>
    <ClCompile Include="..\..\..\lib\openal\NaCl\openal-soft-1.15.1\Alc\alcDedicated.c">
      <Filter>Source Files</Filter>
    </ClCompile>
    <ClCompile Include="..\..\..\lib\openal\NaCl\openal-soft-1.15.1\Alc\alcEcho.c">
      <Filter>Source Files</Filter>
    </ClCompile>
    <ClCompile Include="..\..\..\lib\openal\NaCl\openal-soft-1.15.1\Alc\alcModulator.c">
      <Filter>Source Files</Filter>
    </ClCompile>
    <ClCompile Include="..\..\..\lib\openal\NaCl\openal-soft-1.15.1\Alc\alcReverb.c">
      <Filter>Source Files</Filter>
    </ClCompile>
    <ClCompile Include="..\..\..\lib\openal\NaCl\openal-soft-1.15.1\Alc\alcRing.c">
      <Filter>Source Files</Filter>
    </ClCompile>
    <ClCompile Include="..\..\..\lib\openal\NaCl\openal-soft-1.15.1\Alc\alcThread.c">
      <Filter>Source Files</Filter>
    </ClCompile>
    <ClCompile Include="..\..\..\lib\openal\NaCl\openal-soft-1.15.1\Alc\ALu.c">
      <Filter>Source Files</Filter>
    </ClCompile>
    <ClCompile Include="..\..\..\lib\openal\NaCl\openal-soft-1.15.1\Alc\backends\null.c">
      <Filter>Source Files</Filter>
    </ClCompile>
    <ClCompile Include="..\..\..\lib\openal\NaCl\openal-soft-1.15.1\Alc\backends\ppapi.c">
      <Filter>Source Files</Filter>
    </ClCompile>
    <ClCompile Include="..\..\..\lib\openal\NaCl\openal-soft-1.15.1\Alc\bs2b.c">
      <Filter>Source Files</Filter>
    </ClCompile>
    <ClCompile Include="..\..\..\lib\openal\NaCl\openal-soft-1.15.1\Alc\helpers.c">
      <Filter>Source Files</Filter>
    </ClCompile>
    <ClCompile Include="..\..\..\lib\openal\NaCl\openal-soft-1.15.1\Alc\hrtf.c">
      <Filter>Source Files</Filter>
    </ClCompile>
    <ClCompile Include="..\..\..\lib\openal\NaCl\openal-soft-1.15.1\Alc\mixer.c">
      <Filter>Source Files</Filter>
    </ClCompile>
    <ClCompile Include="..\..\..\lib\openal\NaCl\openal-soft-1.15.1\Alc\mixer_c.c">
      <Filter>Source Files</Filter>
    </ClCompile>
    <ClCompile Include="..\..\..\lib\openal\NaCl\openal-soft-1.15.1\Alc\mixer_inc.c">
      <Filter>Source Files</Filter>
    </ClCompile>
    <ClCompile Include="..\..\..\lib\openal\NaCl\openal-soft-1.15.1\Alc\panning.c">
      <Filter>Source Files</Filter>
    </ClCompile>
    <ClCompile Include="..\..\..\lib\openal\NaCl\openal-soft-1.15.1\OpenAL32\alAuxEffectSlot.c">
      <Filter>Source Files</Filter>
    </ClCompile>
    <ClCompile Include="..\..\..\lib\openal\NaCl\openal-soft-1.15.1\OpenAL32\alBuffer.c">
      <Filter>Source Files</Filter>
    </ClCompile>
    <ClCompile Include="..\..\..\lib\openal\NaCl\openal-soft-1.15.1\OpenAL32\alEffect.c">
      <Filter>Source Files</Filter>
    </ClCompile>
    <ClCompile Include="..\..\..\lib\openal\NaCl\openal-soft-1.15.1\OpenAL32\alError.c">
      <Filter>Source Files</Filter>
    </ClCompile>
    <ClCompile Include="..\..\..\lib\openal\NaCl\openal-soft-1.15.1\OpenAL32\alExtension.c">
      <Filter>Source Files</Filter>
    </ClCompile>
    <ClCompile Include="..\..\..\lib\openal\NaCl\openal-soft-1.15.1\OpenAL32\alFilter.c">
      <Filter>Source Files</Filter>
    </ClCompile>
    <ClCompile Include="..\..\..\lib\openal\NaCl\openal-soft-1.15.1\OpenAL32\alListener.c">
      <Filter>Source Files</Filter>
    </ClCompile>
    <ClCompile Include="..\..\..\lib\openal\NaCl\openal-soft-1.15.1\OpenAL32\alSource.c">
      <Filter>Source Files</Filter>
    </ClCompile>
    <ClCompile Include="..\..\..\lib\openal\NaCl\openal-soft-1.15.1\OpenAL32\alState.c">
      <Filter>Source Files</Filter>
    </ClCompile>
    <ClCompile Include="..\..\..\lib\openal\NaCl\openal-soft-1.15.1\OpenAL32\alThunk.c">
      <Filter>Source Files</Filter>
    </ClCompile>
  </ItemGroup>
  <ItemGroup>
    <None Include="..\..\..\lib\openal\NaCl\openal-soft-1.15.1\Alc\hrtf_tables.inc">
      <Filter>Header Files</Filter>
    </None>
  </ItemGroup>
  <ItemGroup>
    <ClInclude Include="..\..\..\lib\openal\NaCl\openal-soft-1.15.1\Alc\mixer_defs.h">
      <Filter>Header Files</Filter>
    </ClInclude>
    <ClInclude Include="..\..\..\lib\openal\NaCl\openal-soft-1.15.1\include\AL\al.h">
      <Filter>Header Files</Filter>
    </ClInclude>
    <ClInclude Include="..\..\..\lib\openal\NaCl\openal-soft-1.15.1\include\AL\alc.h">
      <Filter>Header Files</Filter>
    </ClInclude>
    <ClInclude Include="..\..\..\lib\openal\NaCl\openal-soft-1.15.1\include\AL\alext.h">
      <Filter>Header Files</Filter>
    </ClInclude>
    <ClInclude Include="..\..\..\lib\openal\NaCl\openal-soft-1.15.1\include\AL\efx-creative.h">
      <Filter>Header Files</Filter>
    </ClInclude>
    <ClInclude Include="..\..\..\lib\openal\NaCl\openal-soft-1.15.1\include\AL\efx-presets.h">
      <Filter>Header Files</Filter>
    </ClInclude>
    <ClInclude Include="..\..\..\lib\openal\NaCl\openal-soft-1.15.1\include\AL\efx.h">
      <Filter>Header Files</Filter>
    </ClInclude>
    <ClInclude Include="..\..\..\lib\openal\NaCl\openal-soft-1.15.1\OpenAL32\Include\alAuxEffectSlot.h">
      <Filter>Header Files</Filter>
    </ClInclude>
    <ClInclude Include="..\..\..\lib\openal\NaCl\openal-soft-1.15.1\OpenAL32\Include\alBuffer.h">
      <Filter>Header Files</Filter>
    </ClInclude>
    <ClInclude Include="..\..\..\lib\openal\NaCl\openal-soft-1.15.1\OpenAL32\Include\alEffect.h">
      <Filter>Header Files</Filter>
    </ClInclude>
    <ClInclude Include="..\..\..\lib\openal\NaCl\openal-soft-1.15.1\OpenAL32\Include\alError.h">
      <Filter>Header Files</Filter>
    </ClInclude>
    <ClInclude Include="..\..\..\lib\openal\NaCl\openal-soft-1.15.1\OpenAL32\Include\alFilter.h">
      <Filter>Header Files</Filter>
    </ClInclude>
    <ClInclude Include="..\..\..\lib\openal\NaCl\openal-soft-1.15.1\OpenAL32\Include\alListener.h">
      <Filter>Header Files</Filter>
    </ClInclude>
    <ClInclude Include="..\..\..\lib\openal\NaCl\openal-soft-1.15.1\OpenAL32\Include\alMain.h">
      <Filter>Header Files</Filter>
    </ClInclude>
    <ClInclude Include="..\..\..\lib\openal\NaCl\openal-soft-1.15.1\OpenAL32\Include\alSource.h">
      <Filter>Header Files</Filter>
    </ClInclude>
    <ClInclude Include="..\..\..\lib\openal\NaCl\openal-soft-1.15.1\OpenAL32\Include\alThunk.h">
      <Filter>Header Files</Filter>
    </ClInclude>
    <ClInclude Include="..\..\..\lib\openal\NaCl\openal-soft-1.15.1\OpenAL32\Include\alu.h">
      <Filter>Header Files</Filter>
    </ClInclude>
    <ClInclude Include="..\..\..\lib\openal\NaCl\openal-soft-1.15.1\OpenAL32\Include\bs2b.h">
      <Filter>Header Files</Filter>
    </ClInclude>
    <ClInclude Include="..\..\..\lib\openal\NaCl\openal-soft-1.15.1\config.h">
      <Filter>Header Files</Filter>
    </ClInclude>
  </ItemGroup>
</Project>